// !$*UTF8*$!
{
	archiveVersion = 1;
	classes = {
	};
	objectVersion = 50;
	objects = {

/* Begin PBXBuildFile section */
		EB97812620A0F47000FDDCF9 /* AppDelegate.swift in Sources */ = {isa = PBXBuildFile; fileRef = EB97812520A0F47000FDDCF9 /* AppDelegate.swift */; };
		EB97812820A0F47000FDDCF9 /* ViewController.swift in Sources */ = {isa = PBXBuildFile; fileRef = EB97812720A0F47000FDDCF9 /* ViewController.swift */; };
		EB97812B20A0F47000FDDCF9 /* Main.storyboard in Resources */ = {isa = PBXBuildFile; fileRef = EB97812920A0F47000FDDCF9 /* Main.storyboard */; };
		EB97812D20A0F47200FDDCF9 /* Assets.xcassets in Resources */ = {isa = PBXBuildFile; fileRef = EB97812C20A0F47200FDDCF9 /* Assets.xcassets */; };
		EB97813020A0F47200FDDCF9 /* LaunchScreen.storyboard in Resources */ = {isa = PBXBuildFile; fileRef = EB97812E20A0F47200FDDCF9 /* LaunchScreen.storyboard */; };
		EBF735C720BE0AE20026FFFA /* NextViewController.swift in Sources */ = {isa = PBXBuildFile; fileRef = EBF735C620BE0AE20026FFFA /* NextViewController.swift */; };
		EBF735C920C8642C0026FFFA /* Reachability.swift in Sources */ = {isa = PBXBuildFile; fileRef = EBF735C820C8642C0026FFFA /* Reachability.swift */; };
/* End PBXBuildFile section */

/* Begin PBXFileReference section */
		EB97812220A0F47000FDDCF9 /* ChildApp.app */ = {isa = PBXFileReference; explicitFileType = wrapper.application; includeInIndex = 0; path = ChildApp.app; sourceTree = BUILT_PRODUCTS_DIR; };
		EB97812520A0F47000FDDCF9 /* AppDelegate.swift */ = {isa = PBXFileReference; lastKnownFileType = sourcecode.swift; path = AppDelegate.swift; sourceTree = "<group>"; };
		EB97812720A0F47000FDDCF9 /* ViewController.swift */ = {isa = PBXFileReference; lastKnownFileType = sourcecode.swift; path = ViewController.swift; sourceTree = "<group>"; };
		EB97812A20A0F47000FDDCF9 /* Base */ = {isa = PBXFileReference; lastKnownFileType = file.storyboard; name = Base; path = Base.lproj/Main.storyboard; sourceTree = "<group>"; };
		EB97812C20A0F47200FDDCF9 /* Assets.xcassets */ = {isa = PBXFileReference; lastKnownFileType = folder.assetcatalog; path = Assets.xcassets; sourceTree = "<group>"; };
		EB97812F20A0F47200FDDCF9 /* Base */ = {isa = PBXFileReference; lastKnownFileType = file.storyboard; name = Base; path = Base.lproj/LaunchScreen.storyboard; sourceTree = "<group>"; };
		EB97813120A0F47200FDDCF9 /* Info.plist */ = {isa = PBXFileReference; lastKnownFileType = text.plist.xml; path = Info.plist; sourceTree = "<group>"; };
		EBF735C620BE0AE20026FFFA /* NextViewController.swift */ = {isa = PBXFileReference; lastKnownFileType = sourcecode.swift; path = NextViewController.swift; sourceTree = "<group>"; };
		EBF735C820C8642C0026FFFA /* Reachability.swift */ = {isa = PBXFileReference; lastKnownFileType = sourcecode.swift; path = Reachability.swift; sourceTree = "<group>"; };
/* End PBXFileReference section */

/* Begin PBXFrameworksBuildPhase section */
		EB97811F20A0F47000FDDCF9 /* Frameworks */ = {
			isa = PBXFrameworksBuildPhase;
			buildActionMask = 2147483647;
			files = (
			);
			runOnlyForDeploymentPostprocessing = 0;
		};
/* End PBXFrameworksBuildPhase section */

/* Begin PBXGroup section */
		EB97811920A0F47000FDDCF9 = {
			isa = PBXGroup;
			children = (
				EB97812420A0F47000FDDCF9 /* ChildApp */,
				EB97812320A0F47000FDDCF9 /* Products */,
			);
			sourceTree = "<group>";
		};
		EB97812320A0F47000FDDCF9 /* Products */ = {
			isa = PBXGroup;
			children = (
				EB97812220A0F47000FDDCF9 /* ChildApp.app */,
			);
			name = Products;
			sourceTree = "<group>";
		};
		EB97812420A0F47000FDDCF9 /* ChildApp */ = {
			isa = PBXGroup;
			children = (
				EB97812520A0F47000FDDCF9 /* AppDelegate.swift */,
				EB97812720A0F47000FDDCF9 /* ViewController.swift */,
				EBF735C620BE0AE20026FFFA /* NextViewController.swift */,
				EBF735C820C8642C0026FFFA /* Reachability.swift */,
				EB97812920A0F47000FDDCF9 /* Main.storyboard */,
				EB97812C20A0F47200FDDCF9 /* Assets.xcassets */,
				EB97812E20A0F47200FDDCF9 /* LaunchScreen.storyboard */,
				EB97813120A0F47200FDDCF9 /* Info.plist */,
			);
			path = ChildApp;
			sourceTree = "<group>";
		};
/* End PBXGroup section */

/* Begin PBXNativeTarget section */
		EB97812120A0F47000FDDCF9 /* ChildApp */ = {
			isa = PBXNativeTarget;
			buildConfigurationList = EB97813420A0F47200FDDCF9 /* Build configuration list for PBXNativeTarget "ChildApp" */;
			buildPhases = (
				EB97811E20A0F47000FDDCF9 /* Sources */,
				EB97811F20A0F47000FDDCF9 /* Frameworks */,
				EB97812020A0F47000FDDCF9 /* Resources */,
			);
			buildRules = (
			);
			dependencies = (
			);
			name = ChildApp;
			productName = ChildApp;
			productReference = EB97812220A0F47000FDDCF9 /* ChildApp.app */;
			productType = "com.apple.product-type.application";
		};
/* End PBXNativeTarget section */

/* Begin PBXProject section */
		EB97811A20A0F47000FDDCF9 /* Project object */ = {
			isa = PBXProject;
			attributes = {
				LastSwiftUpdateCheck = 0930;
				LastUpgradeCheck = 0930;
				ORGANIZATIONNAME = "Kristina Neuwirth";
				TargetAttributes = {
					EB97812120A0F47000FDDCF9 = {
						CreatedOnToolsVersion = 9.3;
					};
				};
			};
			buildConfigurationList = EB97811D20A0F47000FDDCF9 /* Build configuration list for PBXProject "ChildApp" */;
			compatibilityVersion = "Xcode 9.3";
			developmentRegion = en;
			hasScannedForEncodings = 0;
			knownRegions = (
				en,
				Base,
			);
			mainGroup = EB97811920A0F47000FDDCF9;
			productRefGroup = EB97812320A0F47000FDDCF9 /* Products */;
			projectDirPath = "";
			projectRoot = "";
			targets = (
				EB97812120A0F47000FDDCF9 /* ChildApp */,
			);
		};
/* End PBXProject section */

/* Begin PBXResourcesBuildPhase section */
		EB97812020A0F47000FDDCF9 /* Resources */ = {
			isa = PBXResourcesBuildPhase;
			buildActionMask = 2147483647;
			files = (
				EB97813020A0F47200FDDCF9 /* LaunchScreen.storyboard in Resources */,
				EB97812D20A0F47200FDDCF9 /* Assets.xcassets in Resources */,
				EB97812B20A0F47000FDDCF9 /* Main.storyboard in Resources */,
			);
			runOnlyForDeploymentPostprocessing = 0;
		};
/* End PBXResourcesBuildPhase section */

/* Begin PBXSourcesBuildPhase section */
		EB97811E20A0F47000FDDCF9 /* Sources */ = {
			isa = PBXSourcesBuildPhase;
			buildActionMask = 2147483647;
			files = (
				EB97812820A0F47000FDDCF9 /* ViewController.swift in Sources */,
				EBF735C720BE0AE20026FFFA /* NextViewController.swift in Sources */,
				EBF735C920C8642C0026FFFA /* Reachability.swift in Sources */,
				EB97812620A0F47000FDDCF9 /* AppDelegate.swift in Sources */,
			);
			runOnlyForDeploymentPostprocessing = 0;
		};
/* End PBXSourcesBuildPhase section */

/* Begin PBXVariantGroup section */
		EB97812920A0F47000FDDCF9 /* Main.storyboard */ = {
			isa = PBXVariantGroup;
			children = (
				EB97812A20A0F47000FDDCF9 /* Base */,
			);
			name = Main.storyboard;
			sourceTree = "<group>";
		};
		EB97812E20A0F47200FDDCF9 /* LaunchScreen.storyboard */ = {
			isa = PBXVariantGroup;
			children = (
				EB97812F20A0F47200FDDCF9 /* Base */,
			);
			name = LaunchScreen.storyboard;
			sourceTree = "<group>";
		};
/* End PBXVariantGroup section */

/* Begin XCBuildConfiguration section */
		EB97813220A0F47200FDDCF9 /* Debug */ = {
			isa = XCBuildConfiguration;
			buildSettings = {
				ALWAYS_SEARCH_USER_PATHS = NO;
				CLANG_ANALYZER_NONNULL = YES;
				CLANG_ANALYZER_NUMBER_OBJECT_CONVERSION = YES_AGGRESSIVE;
				CLANG_CXX_LANGUAGE_STANDARD = "gnu++14";
				CLANG_CXX_LIBRARY = "libc++";
				CLANG_ENABLE_MODULES = YES;
				CLANG_ENABLE_OBJC_ARC = YES;
				CLANG_ENABLE_OBJC_WEAK = YES;
				CLANG_WARN_BLOCK_CAPTURE_AUTORELEASING = YES;
				CLANG_WARN_BOOL_CONVERSION = YES;
				CLANG_WARN_COMMA = YES;
				CLANG_WARN_CONSTANT_CONVERSION = YES;
				CLANG_WARN_DEPRECATED_OBJC_IMPLEMENTATIONS = YES;
				CLANG_WARN_DIRECT_OBJC_ISA_USAGE = YES_ERROR;
				CLANG_WARN_DOCUMENTATION_COMMENTS = YES;
				CLANG_WARN_EMPTY_BODY = YES;
				CLANG_WARN_ENUM_CONVERSION = YES;
				CLANG_WARN_INFINITE_RECURSION = YES;
				CLANG_WARN_INT_CONVERSION = YES;
				CLANG_WARN_NON_LITERAL_NULL_CONVERSION = YES;
				CLANG_WARN_OBJC_IMPLICIT_RETAIN_SELF = YES;
				CLANG_WARN_OBJC_LITERAL_CONVERSION = YES;
				CLANG_WARN_OBJC_ROOT_CLASS = YES_ERROR;
				CLANG_WARN_RANGE_LOOP_ANALYSIS = YES;
				CLANG_WARN_STRICT_PROTOTYPES = YES;
				CLANG_WARN_SUSPICIOUS_MOVE = YES;
				CLANG_WARN_UNGUARDED_AVAILABILITY = YES_AGGRESSIVE;
				CLANG_WARN_UNREACHABLE_CODE = YES;
				CLANG_WARN__DUPLICATE_METHOD_MATCH = YES;
				CODE_SIGN_IDENTITY = "iPhone Developer";
				COPY_PHASE_STRIP = NO;
				DEBUG_INFORMATION_FORMAT = dwarf;
				ENABLE_STRICT_OBJC_MSGSEND = YES;
				ENABLE_TESTABILITY = YES;
				GCC_C_LANGUAGE_STANDARD = gnu11;
				GCC_DYNAMIC_NO_PIC = NO;
				GCC_NO_COMMON_BLOCKS = YES;
				GCC_OPTIMIZATION_LEVEL = 0;
				GCC_PREPROCESSOR_DEFINITIONS = (
					"DEBUG=1",
					"$(inherited)",
				);
				GCC_WARN_64_TO_32_BIT_CONVERSION = YES;
				GCC_WARN_ABOUT_RETURN_TYPE = YES_ERROR;
				GCC_WARN_UNDECLARED_SELECTOR = YES;
				GCC_WARN_UNINITIALIZED_AUTOS = YES_AGGRESSIVE;
				GCC_WARN_UNUSED_FUNCTION = YES;
				GCC_WARN_UNUSED_VARIABLE = YES;
				IPHONEOS_DEPLOYMENT_TARGET = 11.3;
				MTL_ENABLE_DEBUG_INFO = YES;
				ONLY_ACTIVE_ARCH = YES;
				SDKROOT = iphoneos;
				SWIFT_ACTIVE_COMPILATION_CONDITIONS = DEBUG;
				SWIFT_OPTIMIZATION_LEVEL = "-Onone";
			};
			name = Debug;
		};
		EB97813320A0F47200FDDCF9 /* Release */ = {
			isa = XCBuildConfiguration;
			buildSettings = {
				ALWAYS_SEARCH_USER_PATHS = NO;
				CLANG_ANALYZER_NONNULL = YES;
				CLANG_ANALYZER_NUMBER_OBJECT_CONVERSION = YES_AGGRESSIVE;
				CLANG_CXX_LANGUAGE_STANDARD = "gnu++14";
				CLANG_CXX_LIBRARY = "libc++";
				CLANG_ENABLE_MODULES = YES;
				CLANG_ENABLE_OBJC_ARC = YES;
				CLANG_ENABLE_OBJC_WEAK = YES;
				CLANG_WARN_BLOCK_CAPTURE_AUTORELEASING = YES;
				CLANG_WARN_BOOL_CONVERSION = YES;
				CLANG_WARN_COMMA = YES;
				CLANG_WARN_CONSTANT_CONVERSION = YES;
				CLANG_WARN_DEPRECATED_OBJC_IMPLEMENTATIONS = YES;
				CLANG_WARN_DIRECT_OBJC_ISA_USAGE = YES_ERROR;
				CLANG_WARN_DOCUMENTATION_COMMENTS = YES;
				CLANG_WARN_EMPTY_BODY = YES;
				CLANG_WARN_ENUM_CONVERSION = YES;
				CLANG_WARN_INFINITE_RECURSION = YES;
				CLANG_WARN_INT_CONVERSION = YES;
				CLANG_WARN_NON_LITERAL_NULL_CONVERSION = YES;
				CLANG_WARN_OBJC_IMPLICIT_RETAIN_SELF = YES;
				CLANG_WARN_OBJC_LITERAL_CONVERSION = YES;
				CLANG_WARN_OBJC_ROOT_CLASS = YES_ERROR;
				CLANG_WARN_RANGE_LOOP_ANALYSIS = YES;
				CLANG_WARN_STRICT_PROTOTYPES = YES;
				CLANG_WARN_SUSPICIOUS_MOVE = YES;
				CLANG_WARN_UNGUARDED_AVAILABILITY = YES_AGGRESSIVE;
				CLANG_WARN_UNREACHABLE_CODE = YES;
				CLANG_WARN__DUPLICATE_METHOD_MATCH = YES;
				CODE_SIGN_IDENTITY = "iPhone Developer";
				COPY_PHASE_STRIP = NO;
				DEBUG_INFORMATION_FORMAT = "dwarf-with-dsym";
				ENABLE_NS_ASSERTIONS = NO;
				ENABLE_STRICT_OBJC_MSGSEND = YES;
				GCC_C_LANGUAGE_STANDARD = gnu11;
				GCC_NO_COMMON_BLOCKS = YES;
				GCC_WARN_64_TO_32_BIT_CONVERSION = YES;
				GCC_WARN_ABOUT_RETURN_TYPE = YES_ERROR;
				GCC_WARN_UNDECLARED_SELECTOR = YES;
				GCC_WARN_UNINITIALIZED_AUTOS = YES_AGGRESSIVE;
				GCC_WARN_UNUSED_FUNCTION = YES;
				GCC_WARN_UNUSED_VARIABLE = YES;
				IPHONEOS_DEPLOYMENT_TARGET = 11.3;
				MTL_ENABLE_DEBUG_INFO = NO;
				SDKROOT = iphoneos;
				SWIFT_COMPILATION_MODE = wholemodule;
				SWIFT_OPTIMIZATION_LEVEL = "-O";
				VALIDATE_PRODUCT = YES;
			};
			name = Release;
		};
		EB97813520A0F47200FDDCF9 /* Debug */ = {
			isa = XCBuildConfiguration;
			buildSettings = {
				ASSETCATALOG_COMPILER_APPICON_NAME = AppIcon;
				CODE_SIGN_STYLE = Automatic;
				INFOPLIST_FILE = ChildApp/Info.plist;
				LD_RUNPATH_SEARCH_PATHS = (
					"$(inherited)",
					"@executable_path/Frameworks",
				);
				PRODUCT_BUNDLE_IDENTIFIER = learning.ChildApp;
				PRODUCT_NAME = "$(TARGET_NAME)";
				SWIFT_VERSION = 4.0;
				TARGETED_DEVICE_FAMILY = "1,2";
			};
			name = Debug;
		};
		EB97813620A0F47200FDDCF9 /* Release */ = {
			isa = XCBuildConfiguration;
			buildSettings = {
				ASSETCATALOG_COMPILER_APPICON_NAME = AppIcon;
				CODE_SIGN_STYLE = Automatic;
				INFOPLIST_FILE = ChildApp/Info.plist;
				LD_RUNPATH_SEARCH_PATHS = (
					"$(inherited)",
					"@executable_path/Frameworks",
				);
				PRODUCT_BUNDLE_IDENTIFIER = learning.ChildApp;
				PRODUCT_NAME = "$(TARGET_NAME)";
				SWIFT_VERSION = 4.0;
				TARGETED_DEVICE_FAMILY = "1,2";
			};
			name = Release;
		};
/* End XCBuildConfiguration section */

/* Begin XCConfigurationList section */
		EB97811D20A0F47000FDDCF9 /* Build configuration list for PBXProject "ChildApp" */ = {
			isa = XCConfigurationList;
			buildConfigurations = (
				EB97813220A0F47200FDDCF9 /* Debug */,
				EB97813320A0F47200FDDCF9 /* Release */,
			);
			defaultConfigurationIsVisible = 0;
			defaultConfigurationName = Release;
		};
		EB97813420A0F47200FDDCF9 /* Build configuration list for PBXNativeTarget "ChildApp" */ = {
			isa = XCConfigurationList;
			buildConfigurations = (
				EB97813520A0F47200FDDCF9 /* Debug */,
				EB97813620A0F47200FDDCF9 /* Release */,
			);
			defaultConfigurationIsVisible = 0;
			defaultConfigurationName = Release;
		};
/* End XCConfigurationList section */
	};
	rootObject = EB97811A20A0F47000FDDCF9 /* Project object */;
}
