// !$*UTF8*$!
{
	archiveVersion = 1;
	classes = {
	};
	objectVersion = 50;
	objects = {

/* Begin PBXBuildFile section */
		EB97813A20A24F0E00FDDCF9 /* ChildInZone.swift in Sources */ = {isa = PBXBuildFile; fileRef = EB97813920A24F0E00FDDCF9 /* ChildInZone.swift */; };
		EB97813E20A8DA5B00FDDCF9 /* Network.swift in Sources */ = {isa = PBXBuildFile; fileRef = EB97813D20A8DA5B00FDDCF9 /* Network.swift */; };
		EBDC837D207E9DA400EECFA7 /* AppDelegate.swift in Sources */ = {isa = PBXBuildFile; fileRef = EBDC837C207E9DA400EECFA7 /* AppDelegate.swift */; };
		EBDC837F207E9DA400EECFA7 /* ViewController.swift in Sources */ = {isa = PBXBuildFile; fileRef = EBDC837E207E9DA400EECFA7 /* ViewController.swift */; };
		EBDC8382207E9DA400EECFA7 /* Main.storyboard in Resources */ = {isa = PBXBuildFile; fileRef = EBDC8380207E9DA400EECFA7 /* Main.storyboard */; };
		EBDC8384207E9DA500EECFA7 /* Assets.xcassets in Resources */ = {isa = PBXBuildFile; fileRef = EBDC8383207E9DA500EECFA7 /* Assets.xcassets */; };
		EBDC8387207E9DA500EECFA7 /* LaunchScreen.storyboard in Resources */ = {isa = PBXBuildFile; fileRef = EBDC8385207E9DA500EECFA7 /* LaunchScreen.storyboard */; };
		EBDC83AD208FA78900EECFA7 /* Default-568h@2x.png in Resources */ = {isa = PBXBuildFile; fileRef = EBDC83AC208FA78900EECFA7 /* Default-568h@2x.png */; };
		EBF735CB20C86F7B0026FFFA /* Reachability.swift in Sources */ = {isa = PBXBuildFile; fileRef = EBF735CA20C86F7B0026FFFA /* Reachability.swift */; };
/* End PBXBuildFile section */

/* Begin PBXFileReference section */
		EB97813920A24F0E00FDDCF9 /* ChildInZone.swift */ = {isa = PBXFileReference; lastKnownFileType = sourcecode.swift; path = ChildInZone.swift; sourceTree = "<group>"; };
		EB97813D20A8DA5B00FDDCF9 /* Network.swift */ = {isa = PBXFileReference; lastKnownFileType = sourcecode.swift; path = Network.swift; sourceTree = "<group>"; };
		EBDC8379207E9DA400EECFA7 /* ParentChildApp.app */ = {isa = PBXFileReference; explicitFileType = wrapper.application; includeInIndex = 0; path = ParentChildApp.app; sourceTree = BUILT_PRODUCTS_DIR; };
		EBDC837C207E9DA400EECFA7 /* AppDelegate.swift */ = {isa = PBXFileReference; lastKnownFileType = sourcecode.swift; path = AppDelegate.swift; sourceTree = "<group>"; };
		EBDC837E207E9DA400EECFA7 /* ViewController.swift */ = {isa = PBXFileReference; lastKnownFileType = sourcecode.swift; path = ViewController.swift; sourceTree = "<group>"; };
		EBDC8381207E9DA400EECFA7 /* Base */ = {isa = PBXFileReference; lastKnownFileType = file.storyboard; name = Base; path = Base.lproj/Main.storyboard; sourceTree = "<group>"; };
		EBDC8383207E9DA500EECFA7 /* Assets.xcassets */ = {isa = PBXFileReference; lastKnownFileType = folder.assetcatalog; path = Assets.xcassets; sourceTree = "<group>"; };
		EBDC8386207E9DA500EECFA7 /* Base */ = {isa = PBXFileReference; lastKnownFileType = file.storyboard; name = Base; path = Base.lproj/LaunchScreen.storyboard; sourceTree = "<group>"; };
		EBDC8388207E9DA500EECFA7 /* Info.plist */ = {isa = PBXFileReference; lastKnownFileType = text.plist.xml; path = Info.plist; sourceTree = "<group>"; };
		EBDC83AC208FA78900EECFA7 /* Default-568h@2x.png */ = {isa = PBXFileReference; lastKnownFileType = image.png; path = "Default-568h@2x.png"; sourceTree = "<group>"; };
		EBF735CA20C86F7B0026FFFA /* Reachability.swift */ = {isa = PBXFileReference; lastKnownFileType = sourcecode.swift; path = Reachability.swift; sourceTree = "<group>"; };
/* End PBXFileReference section */

/* Begin PBXFrameworksBuildPhase section */
		EBDC8376207E9DA400EECFA7 /* Frameworks */ = {
			isa = PBXFrameworksBuildPhase;
			buildActionMask = 2147483647;
			files = (
			);
			runOnlyForDeploymentPostprocessing = 0;
		};
/* End PBXFrameworksBuildPhase section */

/* Begin PBXGroup section */
		EBDC8370207E9DA400EECFA7 = {
			isa = PBXGroup;
			children = (
				EBDC83AC208FA78900EECFA7 /* Default-568h@2x.png */,
				EBDC837B207E9DA400EECFA7 /* ParentChildApp */,
				EBDC837A207E9DA400EECFA7 /* Products */,
			);
			sourceTree = "<group>";
		};
		EBDC837A207E9DA400EECFA7 /* Products */ = {
			isa = PBXGroup;
			children = (
				EBDC8379207E9DA400EECFA7 /* ParentChildApp.app */,
			);
			name = Products;
			sourceTree = "<group>";
		};
		EBDC837B207E9DA400EECFA7 /* ParentChildApp */ = {
			isa = PBXGroup;
			children = (
				EBDC837C207E9DA400EECFA7 /* AppDelegate.swift */,
				EBDC837E207E9DA400EECFA7 /* ViewController.swift */,
				EB97813D20A8DA5B00FDDCF9 /* Network.swift */,
				EB97813920A24F0E00FDDCF9 /* ChildInZone.swift */,
				EBF735CA20C86F7B0026FFFA /* Reachability.swift */,
				EBDC8380207E9DA400EECFA7 /* Main.storyboard */,
				EBDC8383207E9DA500EECFA7 /* Assets.xcassets */,
				EBDC8385207E9DA500EECFA7 /* LaunchScreen.storyboard */,
				EBDC8388207E9DA500EECFA7 /* Info.plist */,
			);
			path = ParentChildApp;
			sourceTree = "<group>";
		};
/* End PBXGroup section */

/* Begin PBXNativeTarget section */
		EBDC8378207E9DA400EECFA7 /* ParentChildApp */ = {
			isa = PBXNativeTarget;
			buildConfigurationList = EBDC838B207E9DA500EECFA7 /* Build configuration list for PBXNativeTarget "ParentChildApp" */;
			buildPhases = (
				EBDC8375207E9DA400EECFA7 /* Sources */,
				EBDC8376207E9DA400EECFA7 /* Frameworks */,
				EBDC8377207E9DA400EECFA7 /* Resources */,
			);
			buildRules = (
			);
			dependencies = (
			);
			name = ParentChildApp;
			productName = HTTPPutURLSession;
			productReference = EBDC8379207E9DA400EECFA7 /* ParentChildApp.app */;
			productType = "com.apple.product-type.application";
		};
/* End PBXNativeTarget section */

/* Begin PBXProject section */
		EBDC8371207E9DA400EECFA7 /* Project object */ = {
			isa = PBXProject;
			attributes = {
				LastSwiftUpdateCheck = 0930;
				LastUpgradeCheck = 0930;
				ORGANIZATIONNAME = "Kristina Neuwirth";
				TargetAttributes = {
					EBDC8378207E9DA400EECFA7 = {
						CreatedOnToolsVersion = 9.3;
					};
				};
			};
			buildConfigurationList = EBDC8374207E9DA400EECFA7 /* Build configuration list for PBXProject "ParentChildApp" */;
			compatibilityVersion = "Xcode 9.3";
			developmentRegion = en;
			hasScannedForEncodings = 0;
			knownRegions = (
				en,
				Base,
			);
			mainGroup = EBDC8370207E9DA400EECFA7;
			productRefGroup = EBDC837A207E9DA400EECFA7 /* Products */;
			projectDirPath = "";
			projectRoot = "";
			targets = (
				EBDC8378207E9DA400EECFA7 /* ParentChildApp */,
			);
		};
/* End PBXProject section */

/* Begin PBXResourcesBuildPhase section */
		EBDC8377207E9DA400EECFA7 /* Resources */ = {
			isa = PBXResourcesBuildPhase;
			buildActionMask = 2147483647;
			files = (
				EBDC8387207E9DA500EECFA7 /* LaunchScreen.storyboard in Resources */,
				EBDC83AD208FA78900EECFA7 /* Default-568h@2x.png in Resources */,
				EBDC8384207E9DA500EECFA7 /* Assets.xcassets in Resources */,
				EBDC8382207E9DA400EECFA7 /* Main.storyboard in Resources */,
			);
			runOnlyForDeploymentPostprocessing = 0;
		};
/* End PBXResourcesBuildPhase section */

/* Begin PBXSourcesBuildPhase section */
		EBDC8375207E9DA400EECFA7 /* Sources */ = {
			isa = PBXSourcesBuildPhase;
			buildActionMask = 2147483647;
			files = (
				EB97813E20A8DA5B00FDDCF9 /* Network.swift in Sources */,
				EB97813A20A24F0E00FDDCF9 /* ChildInZone.swift in Sources */,
				EBDC837F207E9DA400EECFA7 /* ViewController.swift in Sources */,
				EBF735CB20C86F7B0026FFFA /* Reachability.swift in Sources */,
				EBDC837D207E9DA400EECFA7 /* AppDelegate.swift in Sources */,
			);
			runOnlyForDeploymentPostprocessing = 0;
		};
/* End PBXSourcesBuildPhase section */

/* Begin PBXVariantGroup section */
		EBDC8380207E9DA400EECFA7 /* Main.storyboard */ = {
			isa = PBXVariantGroup;
			children = (
				EBDC8381207E9DA400EECFA7 /* Base */,
			);
			name = Main.storyboard;
			sourceTree = "<group>";
		};
		EBDC8385207E9DA500EECFA7 /* LaunchScreen.storyboard */ = {
			isa = PBXVariantGroup;
			children = (
				EBDC8386207E9DA500EECFA7 /* Base */,
			);
			name = LaunchScreen.storyboard;
			sourceTree = "<group>";
		};
/* End PBXVariantGroup section */

/* Begin XCBuildConfiguration section */
		EBDC8389207E9DA500EECFA7 /* Debug */ = {
			isa = XCBuildConfiguration;
			buildSettings = {
				ALWAYS_SEARCH_USER_PATHS = NO;
				CLANG_ANALYZER_NONNULL = YES;
				CLANG_ANALYZER_NUMBER_OBJECT_CONVERSION = YES_AGGRESSIVE;
				CLANG_CXX_LANGUAGE_STANDARD = "gnu++14";
				CLANG_CXX_LIBRARY = "libc++";
				CLANG_ENABLE_MODULES = YES;
				CLANG_ENABLE_OBJC_ARC = YES;
				CLANG_ENABLE_OBJC_WEAK = YES;
				CLANG_WARN_BLOCK_CAPTURE_AUTORELEASING = YES;
				CLANG_WARN_BOOL_CONVERSION = YES;
				CLANG_WARN_COMMA = YES;
				CLANG_WARN_CONSTANT_CONVERSION = YES;
				CLANG_WARN_DEPRECATED_OBJC_IMPLEMENTATIONS = YES;
				CLANG_WARN_DIRECT_OBJC_ISA_USAGE = YES_ERROR;
				CLANG_WARN_DOCUMENTATION_COMMENTS = YES;
				CLANG_WARN_EMPTY_BODY = YES;
				CLANG_WARN_ENUM_CONVERSION = YES;
				CLANG_WARN_INFINITE_RECURSION = YES;
				CLANG_WARN_INT_CONVERSION = YES;
				CLANG_WARN_NON_LITERAL_NULL_CONVERSION = YES;
				CLANG_WARN_OBJC_IMPLICIT_RETAIN_SELF = YES;
				CLANG_WARN_OBJC_LITERAL_CONVERSION = YES;
				CLANG_WARN_OBJC_ROOT_CLASS = YES_ERROR;
				CLANG_WARN_RANGE_LOOP_ANALYSIS = YES;
				CLANG_WARN_STRICT_PROTOTYPES = YES;
				CLANG_WARN_SUSPICIOUS_MOVE = YES;
				CLANG_WARN_UNGUARDED_AVAILABILITY = YES_AGGRESSIVE;
				CLANG_WARN_UNREACHABLE_CODE = YES;
				CLANG_WARN__DUPLICATE_METHOD_MATCH = YES;
				CODE_SIGN_IDENTITY = "iPhone Developer";
				COPY_PHASE_STRIP = NO;
				DEBUG_INFORMATION_FORMAT = dwarf;
				ENABLE_STRICT_OBJC_MSGSEND = YES;
				ENABLE_TESTABILITY = YES;
				GCC_C_LANGUAGE_STANDARD = gnu11;
				GCC_DYNAMIC_NO_PIC = NO;
				GCC_NO_COMMON_BLOCKS = YES;
				GCC_OPTIMIZATION_LEVEL = 0;
				GCC_PREPROCESSOR_DEFINITIONS = (
					"DEBUG=1",
					"$(inherited)",
				);
				GCC_WARN_64_TO_32_BIT_CONVERSION = YES;
				GCC_WARN_ABOUT_RETURN_TYPE = YES_ERROR;
				GCC_WARN_UNDECLARED_SELECTOR = YES;
				GCC_WARN_UNINITIALIZED_AUTOS = YES_AGGRESSIVE;
				GCC_WARN_UNUSED_FUNCTION = YES;
				GCC_WARN_UNUSED_VARIABLE = YES;
				IPHONEOS_DEPLOYMENT_TARGET = 11.3;
				MTL_ENABLE_DEBUG_INFO = YES;
				ONLY_ACTIVE_ARCH = YES;
				SDKROOT = iphoneos;
				SWIFT_ACTIVE_COMPILATION_CONDITIONS = DEBUG;
				SWIFT_OPTIMIZATION_LEVEL = "-Onone";
			};
			name = Debug;
		};
		EBDC838A207E9DA500EECFA7 /* Release */ = {
			isa = XCBuildConfiguration;
			buildSettings = {
				ALWAYS_SEARCH_USER_PATHS = NO;
				CLANG_ANALYZER_NONNULL = YES;
				CLANG_ANALYZER_NUMBER_OBJECT_CONVERSION = YES_AGGRESSIVE;
				CLANG_CXX_LANGUAGE_STANDARD = "gnu++14";
				CLANG_CXX_LIBRARY = "libc++";
				CLANG_ENABLE_MODULES = YES;
				CLANG_ENABLE_OBJC_ARC = YES;
				CLANG_ENABLE_OBJC_WEAK = YES;
				CLANG_WARN_BLOCK_CAPTURE_AUTORELEASING = YES;
				CLANG_WARN_BOOL_CONVERSION = YES;
				CLANG_WARN_COMMA = YES;
				CLANG_WARN_CONSTANT_CONVERSION = YES;
				CLANG_WARN_DEPRECATED_OBJC_IMPLEMENTATIONS = YES;
				CLANG_WARN_DIRECT_OBJC_ISA_USAGE = YES_ERROR;
				CLANG_WARN_DOCUMENTATION_COMMENTS = YES;
				CLANG_WARN_EMPTY_BODY = YES;
				CLANG_WARN_ENUM_CONVERSION = YES;
				CLANG_WARN_INFINITE_RECURSION = YES;
				CLANG_WARN_INT_CONVERSION = YES;
				CLANG_WARN_NON_LITERAL_NULL_CONVERSION = YES;
				CLANG_WARN_OBJC_IMPLICIT_RETAIN_SELF = YES;
				CLANG_WARN_OBJC_LITERAL_CONVERSION = YES;
				CLANG_WARN_OBJC_ROOT_CLASS = YES_ERROR;
				CLANG_WARN_RANGE_LOOP_ANALYSIS = YES;
				CLANG_WARN_STRICT_PROTOTYPES = YES;
				CLANG_WARN_SUSPICIOUS_MOVE = YES;
				CLANG_WARN_UNGUARDED_AVAILABILITY = YES_AGGRESSIVE;
				CLANG_WARN_UNREACHABLE_CODE = YES;
				CLANG_WARN__DUPLICATE_METHOD_MATCH = YES;
				CODE_SIGN_IDENTITY = "iPhone Developer";
				COPY_PHASE_STRIP = NO;
				DEBUG_INFORMATION_FORMAT = "dwarf-with-dsym";
				ENABLE_NS_ASSERTIONS = NO;
				ENABLE_STRICT_OBJC_MSGSEND = YES;
				GCC_C_LANGUAGE_STANDARD = gnu11;
				GCC_NO_COMMON_BLOCKS = YES;
				GCC_WARN_64_TO_32_BIT_CONVERSION = YES;
				GCC_WARN_ABOUT_RETURN_TYPE = YES_ERROR;
				GCC_WARN_UNDECLARED_SELECTOR = YES;
				GCC_WARN_UNINITIALIZED_AUTOS = YES_AGGRESSIVE;
				GCC_WARN_UNUSED_FUNCTION = YES;
				GCC_WARN_UNUSED_VARIABLE = YES;
				IPHONEOS_DEPLOYMENT_TARGET = 11.3;
				MTL_ENABLE_DEBUG_INFO = NO;
				SDKROOT = iphoneos;
				SWIFT_COMPILATION_MODE = wholemodule;
				SWIFT_OPTIMIZATION_LEVEL = "-O";
				VALIDATE_PRODUCT = YES;
			};
			name = Release;
		};
		EBDC838C207E9DA500EECFA7 /* Debug */ = {
			isa = XCBuildConfiguration;
			buildSettings = {
				ASSETCATALOG_COMPILER_APPICON_NAME = AppIcon;
				CODE_SIGN_STYLE = Automatic;
				INFOPLIST_FILE = "$(SRCROOT)/ParentChildApp/Info.plist";
				LD_RUNPATH_SEARCH_PATHS = (
					"$(inherited)",
					"@executable_path/Frameworks",
				);
				PRODUCT_BUNDLE_IDENTIFIER = learning.HTTPPutURLSession;
				PRODUCT_NAME = "$(TARGET_NAME)";
				SWIFT_VERSION = 4.0;
				TARGETED_DEVICE_FAMILY = "1,2";
			};
			name = Debug;
		};
		EBDC838D207E9DA500EECFA7 /* Release */ = {
			isa = XCBuildConfiguration;
			buildSettings = {
				ASSETCATALOG_COMPILER_APPICON_NAME = AppIcon;
				CODE_SIGN_STYLE = Automatic;
				INFOPLIST_FILE = "$(SRCROOT)/ParentChildApp/Info.plist";
				LD_RUNPATH_SEARCH_PATHS = (
					"$(inherited)",
					"@executable_path/Frameworks",
				);
				PRODUCT_BUNDLE_IDENTIFIER = learning.HTTPPutURLSession;
				PRODUCT_NAME = "$(TARGET_NAME)";
				SWIFT_VERSION = 4.0;
				TARGETED_DEVICE_FAMILY = "1,2";
			};
			name = Release;
		};
/* End XCBuildConfiguration section */

/* Begin XCConfigurationList section */
		EBDC8374207E9DA400EECFA7 /* Build configuration list for PBXProject "ParentChildApp" */ = {
			isa = XCConfigurationList;
			buildConfigurations = (
				EBDC8389207E9DA500EECFA7 /* Debug */,
				EBDC838A207E9DA500EECFA7 /* Release */,
			);
			defaultConfigurationIsVisible = 0;
			defaultConfigurationName = Release;
		};
		EBDC838B207E9DA500EECFA7 /* Build configuration list for PBXNativeTarget "ParentChildApp" */ = {
			isa = XCConfigurationList;
			buildConfigurations = (
				EBDC838C207E9DA500EECFA7 /* Debug */,
				EBDC838D207E9DA500EECFA7 /* Release */,
			);
			defaultConfigurationIsVisible = 0;
			defaultConfigurationName = Release;
		};
/* End XCConfigurationList section */
	};
	rootObject = EBDC8371207E9DA400EECFA7 /* Project object */;
}
